
Microsoft Visual Studio Solution File, Format Version 12.00
# Visual Studio Version 17
VisualStudioVersion = 17.0.32112.339
MinimumVisualStudioVersion = 10.0.40219.1
Project("{2150E333-8FDC-42A3-9474-1A3956D46DE8}") = "Web", "Web", "{8BCEA5FC-0C37-415A-819D-4BC28E32D970}"
EndProject
Project("{2150E333-8FDC-42A3-9474-1A3956D46DE8}") = "Tests", "Tests", "{1ACCABB9-EC61-4235-ABB4-2B1250384B47}"
EndProject
Project("{2150E333-8FDC-42A3-9474-1A3956D46DE8}") = "Data", "Data", "{25CEA78A-1A28-4419-984A-426D9DAC6551}"
EndProject
Project("{2150E333-8FDC-42A3-9474-1A3956D46DE8}") = "Services", "Services", "{6469D486-2539-478B-A0B7-9E5B56A7E107}"
EndProject
Project("{FAE04EC0-301F-11D3-BF4B-00C04F79EFBC}") = "API.Data", "Data\API.Data\API.Data.csproj", "{705C5817-49FC-4D32-9B8B-C911864A1D81}"
EndProject
Project("{FAE04EC0-301F-11D3-BF4B-00C04F79EFBC}") = "API.Data.Common", "Data\API.Data.Common\API.Data.Common.csproj", "{CD9C757D-A7FA-429B-99DF-72A109F7E7B9}"
EndProject
Project("{FAE04EC0-301F-11D3-BF4B-00C04F79EFBC}") = "API.Data.Models", "Data\API.Data.Models\API.Data.Models.csproj", "{696863CE-2B9F-4FA1-A629-6201AC5602E2}"
EndProject
Project("{FAE04EC0-301F-11D3-BF4B-00C04F79EFBC}") = "API.Services", "Services\API.Services\API.Services.csproj", "{CCDCA3B0-8154-4B51-A911-CF14D77BC279}"
EndProject
Project("{FAE04EC0-301F-11D3-BF4B-00C04F79EFBC}") = "API.Services.Data", "Services\API.Services.Data\API.Services.Data.csproj", "{E13CE4AB-AC2F-4D2F-8BA4-56A621F07761}"
EndProject
Project("{FAE04EC0-301F-11D3-BF4B-00C04F79EFBC}") = "API.Services.Mapping", "Services\API.Services.Mapping\API.Services.Mapping.csproj", "{FB8A3487-5257-4453-B7F4-96198F119948}"
EndProject
Project("{FAE04EC0-301F-11D3-BF4B-00C04F79EFBC}") = "API.Services.Messaging", "Services\API.Services.Messaging\API.Services.Messaging.csproj", "{1C7936D5-38D3-474A-8193-D0594044DE2A}"
EndProject
Project("{FAE04EC0-301F-11D3-BF4B-00C04F79EFBC}") = "API.Web", "Web\API.Web\API.Web.csproj", "{782106DB-E34D-4889-8C74-0B1ED79FD578}"
EndProject
Project("{FAE04EC0-301F-11D3-BF4B-00C04F79EFBC}") = "API.Web.Infrastructure", "Web\API.Web.Infrastructure\API.Web.Infrastructure.csproj", "{CC789BC2-E687-4E4E-8A7C-A2111B14ECC7}"
EndProject
Project("{FAE04EC0-301F-11D3-BF4B-00C04F79EFBC}") = "API.Web.DTOs", "Web\API.Web.DTOs\API.Web.DTOs.csproj", "{D4875E90-8980-4C66-B195-4AA01F0C63DF}"
EndProject
Project("{FAE04EC0-301F-11D3-BF4B-00C04F79EFBC}") = "API.Common", "API.Common\API.Common.csproj", "{65852479-ECAD-477E-90D5-BA2D2703E7F9}"
EndProject
Global
	GlobalSection(SolutionConfigurationPlatforms) = preSolution
		Debug|Any CPU = Debug|Any CPU
		Release|Any CPU = Release|Any CPU
	EndGlobalSection
	GlobalSection(ProjectConfigurationPlatforms) = postSolution
		{705C5817-49FC-4D32-9B8B-C911864A1D81}.Debug|Any CPU.ActiveCfg = Debug|Any CPU
		{705C5817-49FC-4D32-9B8B-C911864A1D81}.Debug|Any CPU.Build.0 = Debug|Any CPU
		{705C5817-49FC-4D32-9B8B-C911864A1D81}.Release|Any CPU.ActiveCfg = Release|Any CPU
		{705C5817-49FC-4D32-9B8B-C911864A1D81}.Release|Any CPU.Build.0 = Release|Any CPU
		{CD9C757D-A7FA-429B-99DF-72A109F7E7B9}.Debug|Any CPU.ActiveCfg = Debug|Any CPU
		{CD9C757D-A7FA-429B-99DF-72A109F7E7B9}.Debug|Any CPU.Build.0 = Debug|Any CPU
		{CD9C757D-A7FA-429B-99DF-72A109F7E7B9}.Release|Any CPU.ActiveCfg = Release|Any CPU
		{CD9C757D-A7FA-429B-99DF-72A109F7E7B9}.Release|Any CPU.Build.0 = Release|Any CPU
		{696863CE-2B9F-4FA1-A629-6201AC5602E2}.Debug|Any CPU.ActiveCfg = Debug|Any CPU
		{696863CE-2B9F-4FA1-A629-6201AC5602E2}.Debug|Any CPU.Build.0 = Debug|Any CPU
		{696863CE-2B9F-4FA1-A629-6201AC5602E2}.Release|Any CPU.ActiveCfg = Release|Any CPU
		{696863CE-2B9F-4FA1-A629-6201AC5602E2}.Release|Any CPU.Build.0 = Release|Any CPU
		{CCDCA3B0-8154-4B51-A911-CF14D77BC279}.Debug|Any CPU.ActiveCfg = Debug|Any CPU
		{CCDCA3B0-8154-4B51-A911-CF14D77BC279}.Debug|Any CPU.Build.0 = Debug|Any CPU
		{CCDCA3B0-8154-4B51-A911-CF14D77BC279}.Release|Any CPU.ActiveCfg = Release|Any CPU
		{CCDCA3B0-8154-4B51-A911-CF14D77BC279}.Release|Any CPU.Build.0 = Release|Any CPU
		{E13CE4AB-AC2F-4D2F-8BA4-56A621F07761}.Debug|Any CPU.ActiveCfg = Debug|Any CPU
		{E13CE4AB-AC2F-4D2F-8BA4-56A621F07761}.Debug|Any CPU.Build.0 = Debug|Any CPU
		{E13CE4AB-AC2F-4D2F-8BA4-56A621F07761}.Release|Any CPU.ActiveCfg = Release|Any CPU
		{E13CE4AB-AC2F-4D2F-8BA4-56A621F07761}.Release|Any CPU.Build.0 = Release|Any CPU
		{FB8A3487-5257-4453-B7F4-96198F119948}.Debug|Any CPU.ActiveCfg = Debug|Any CPU
		{FB8A3487-5257-4453-B7F4-96198F119948}.Debug|Any CPU.Build.0 = Debug|Any CPU
		{FB8A3487-5257-4453-B7F4-96198F119948}.Release|Any CPU.ActiveCfg = Release|Any CPU
		{FB8A3487-5257-4453-B7F4-96198F119948}.Release|Any CPU.Build.0 = Release|Any CPU
		{1C7936D5-38D3-474A-8193-D0594044DE2A}.Debug|Any CPU.ActiveCfg = Debug|Any CPU
		{1C7936D5-38D3-474A-8193-D0594044DE2A}.Debug|Any CPU.Build.0 = Debug|Any CPU
		{1C7936D5-38D3-474A-8193-D0594044DE2A}.Release|Any CPU.ActiveCfg = Release|Any CPU
		{1C7936D5-38D3-474A-8193-D0594044DE2A}.Release|Any CPU.Build.0 = Release|Any CPU
		{782106DB-E34D-4889-8C74-0B1ED79FD578}.Debug|Any CPU.ActiveCfg = Debug|Any CPU
		{782106DB-E34D-4889-8C74-0B1ED79FD578}.Debug|Any CPU.Build.0 = Debug|Any CPU
		{782106DB-E34D-4889-8C74-0B1ED79FD578}.Release|Any CPU.ActiveCfg = Release|Any CPU
		{782106DB-E34D-4889-8C74-0B1ED79FD578}.Release|Any CPU.Build.0 = Release|Any CPU
		{CC789BC2-E687-4E4E-8A7C-A2111B14ECC7}.Debug|Any CPU.ActiveCfg = Debug|Any CPU
		{CC789BC2-E687-4E4E-8A7C-A2111B14ECC7}.Debug|Any CPU.Build.0 = Debug|Any CPU
		{CC789BC2-E687-4E4E-8A7C-A2111B14ECC7}.Release|Any CPU.ActiveCfg = Release|Any CPU
		{CC789BC2-E687-4E4E-8A7C-A2111B14ECC7}.Release|Any CPU.Build.0 = Release|Any CPU
		{D4875E90-8980-4C66-B195-4AA01F0C63DF}.Debug|Any CPU.ActiveCfg = Debug|Any CPU
		{D4875E90-8980-4C66-B195-4AA01F0C63DF}.Debug|Any CPU.Build.0 = Debug|Any CPU
		{D4875E90-8980-4C66-B195-4AA01F0C63DF}.Release|Any CPU.ActiveCfg = Release|Any CPU
		{D4875E90-8980-4C66-B195-4AA01F0C63DF}.Release|Any CPU.Build.0 = Release|Any CPU
		{65852479-ECAD-477E-90D5-BA2D2703E7F9}.Debug|Any CPU.ActiveCfg = Debug|Any CPU
		{65852479-ECAD-477E-90D5-BA2D2703E7F9}.Debug|Any CPU.Build.0 = Debug|Any CPU
		{65852479-ECAD-477E-90D5-BA2D2703E7F9}.Release|Any CPU.ActiveCfg = Release|Any CPU
		{65852479-ECAD-477E-90D5-BA2D2703E7F9}.Release|Any CPU.Build.0 = Release|Any CPU
	EndGlobalSection
	GlobalSection(SolutionProperties) = preSolution
		HideSolutionNode = FALSE
	EndGlobalSection
	GlobalSection(NestedProjects) = preSolution
		{705C5817-49FC-4D32-9B8B-C911864A1D81} = {25CEA78A-1A28-4419-984A-426D9DAC6551}
		{CD9C757D-A7FA-429B-99DF-72A109F7E7B9} = {25CEA78A-1A28-4419-984A-426D9DAC6551}
		{696863CE-2B9F-4FA1-A629-6201AC5602E2} = {25CEA78A-1A28-4419-984A-426D9DAC6551}
		{CCDCA3B0-8154-4B51-A911-CF14D77BC279} = {6469D486-2539-478B-A0B7-9E5B56A7E107}
		{E13CE4AB-AC2F-4D2F-8BA4-56A621F07761} = {6469D486-2539-478B-A0B7-9E5B56A7E107}
		{FB8A3487-5257-4453-B7F4-96198F119948} = {6469D486-2539-478B-A0B7-9E5B56A7E107}
		{1C7936D5-38D3-474A-8193-D0594044DE2A} = {6469D486-2539-478B-A0B7-9E5B56A7E107}
		{782106DB-E34D-4889-8C74-0B1ED79FD578} = {8BCEA5FC-0C37-415A-819D-4BC28E32D970}
		{CC789BC2-E687-4E4E-8A7C-A2111B14ECC7} = {8BCEA5FC-0C37-415A-819D-4BC28E32D970}
		{D4875E90-8980-4C66-B195-4AA01F0C63DF} = {8BCEA5FC-0C37-415A-819D-4BC28E32D970}
	EndGlobalSection
	GlobalSection(ExtensibilityGlobals) = postSolution
		SolutionGuid = {CFD87697-D3F8-436E-9B2F-4F5CF6994A32}
	EndGlobalSection
EndGlobal
